
Microsoft Visual Studio Solution File, Format Version 12.00
# Visual Studio Version 17
VisualStudioVersion = 17.0.31903.59
MinimumVisualStudioVersion = 10.0.40219.1
Project("{FAE04EC0-301F-11D3-BF4B-00C04F79EFBC}") = "tamtin1", "tamtin1\tamtin1.csproj", "{6F434A5A-05E4-4B65-A92B-679EC97B9A50}"
EndProject
Global
	GlobalSection(SolutionConfigurationPlatforms) = preSolution
		Debug|Any CPU = Debug|Any CPU
		Release|Any CPU = Release|Any CPU
	EndGlobalSection
	GlobalSection(ProjectConfigurationPlatforms) = postSolution
		{6F434A5A-05E4-4B65-A92B-679EC97B9A50}.Debug|Any CPU.ActiveCfg = Debug|Any CPU
		{6F434A5A-05E4-4B65-A92B-679EC97B9A50}.Debug|Any CPU.Build.0 = Debug|Any CPU
		{6F434A5A-05E4-4B65-A92B-679EC97B9A50}.Release|Any CPU.ActiveCfg = Release|Any CPU
		{6F434A5A-05E4-4B65-A92B-679EC97B9A50}.Release|Any CPU.Build.0 = Release|Any CPU
	EndGlobalSection
	GlobalSection(SolutionProperties) = preSolution
		HideSolutionNode = FALSE
	EndGlobalSection
	GlobalSection(ExtensibilityGlobals) = postSolution
		SolutionGuid = {4D5242C4-DBD7-4855-85C2-E3F3DFD15C53}
	EndGlobalSection
EndGlobal
